
Microsoft Visual Studio Solution File, Format Version 12.00
# Visual Studio Version 16
VisualStudioVersion = 16.0.810.13
MinimumVisualStudioVersion = 10.0.40219.1
Project("{FAE04EC0-301F-11D3-BF4B-00C04F79EFBC}") = "bismuth", "bismuth\bismuth.csproj", "{3F9763E8-18C6-4086-A299-FCB801408391}"
EndProject
Global
	GlobalSection(SolutionConfigurationPlatforms) = preSolution
		Debug|anycpu = Debug|anycpu
		Release|anycpu = Release|anycpu
	EndGlobalSection
	GlobalSection(ProjectConfigurationPlatforms) = postSolution
		{3F9763E8-18C6-4086-A299-FCB801408391}.Debug|anycpu.ActiveCfg = Debug|anycpu
		{3F9763E8-18C6-4086-A299-FCB801408391}.Debug|anycpu.Build.0 = Debug|anycpu
		{3F9763E8-18C6-4086-A299-FCB801408391}.Release|anycpu.ActiveCfg = Release|anycpu
		{3F9763E8-18C6-4086-A299-FCB801408391}.Release|anycpu.Build.0 = Release|anycpu
	EndGlobalSection
	GlobalSection(SolutionProperties) = preSolution
		HideSolutionNode = FALSE
	EndGlobalSection
	GlobalSection(ExtensibilityGlobals) = postSolution
		SolutionGuid = {8D4C49E7-5A04-424C-99E5-2B5FEB02181E}
	EndGlobalSection
EndGlobal
